
Microsoft Visual Studio Solution File, Format Version 12.00
# Visual Studio 15
VisualStudioVersion = 15.0.28307.329
MinimumVisualStudioVersion = 10.0.40219.1
Project("{FAE04EC0-301F-11D3-BF4B-00C04F79EFBC}") = "ASPJWTPractice", "ASPJWTPractice\ASPJWTPractice.csproj", "{FD518519-5C8F-4A0F-95D1-EB590F138E4C}"
EndProject
Global
	GlobalSection(SolutionConfigurationPlatforms) = preSolution
		Debug|Any CPU = Debug|Any CPU
		Release|Any CPU = Release|Any CPU
	EndGlobalSection
	GlobalSection(ProjectConfigurationPlatforms) = postSolution
		{FD518519-5C8F-4A0F-95D1-EB590F138E4C}.Debug|Any CPU.ActiveCfg = Debug|Any CPU
		{FD518519-5C8F-4A0F-95D1-EB590F138E4C}.Debug|Any CPU.Build.0 = Debug|Any CPU
		{FD518519-5C8F-4A0F-95D1-EB590F138E4C}.Release|Any CPU.ActiveCfg = Release|Any CPU
		{FD518519-5C8F-4A0F-95D1-EB590F138E4C}.Release|Any CPU.Build.0 = Release|Any CPU
	EndGlobalSection
	GlobalSection(SolutionProperties) = preSolution
		HideSolutionNode = FALSE
	EndGlobalSection
	GlobalSection(ExtensibilityGlobals) = postSolution
		SolutionGuid = {A2272200-F32F-4D4D-858D-99760EBB361F}
	EndGlobalSection
EndGlobal
